Microsoft Visual Studio Solution File, Format Version 12.00
# Visual Studio 2012
Project("{FAE04EC0-301F-11D3-BF4B-00C04F79EFBC}") = "DuckestDungeon", "DuckestDungeon.csproj", "{B3A9478C-090F-4399-9805-336A625F8B54}"
EndProject
Global
	GlobalSection(SolutionConfigurationPlatforms) = preSolution
	Debug|Any CPU = Debug|Any CPU
	Release|Any CPU = Release|Any CPU
	Tools|Any CPU = Tools|Any CPU
	EndGlobalSection
	GlobalSection(ProjectConfigurationPlatforms) = postSolution
		{B3A9478C-090F-4399-9805-336A625F8B54}.Debug|Any CPU.ActiveCfg = Debug|Any CPU
		{B3A9478C-090F-4399-9805-336A625F8B54}.Debug|Any CPU.Build.0 = Debug|Any CPU
		{B3A9478C-090F-4399-9805-336A625F8B54}.Release|Any CPU.ActiveCfg = Release|Any CPU
		{B3A9478C-090F-4399-9805-336A625F8B54}.Release|Any CPU.Build.0 = Release|Any CPU
		{B3A9478C-090F-4399-9805-336A625F8B54}.Tools|Any CPU.ActiveCfg = Tools|Any CPU
		{B3A9478C-090F-4399-9805-336A625F8B54}.Tools|Any CPU.Build.0 = Tools|Any CPU
	EndGlobalSection
EndGlobal
